{
  "requires": true,
  "lockfileVersion": 1,
  "dependencies": {
    "flag-icons": {
      "version": "7.2.1",
      "resolved": "https://registry.npmjs.org/flag-icons/-/flag-icons-7.2.1.tgz",
      "integrity": "sha512-EaU4XZmFt1BOilz9nMmJKjma5pOaNjzL7somOhadrrilollh4xj6aaXI2M1sd00VUfVWN0E25Q6xaW3SNt0k/Q=="
    }
  }
}
